// !$*UTF8*$!
{
	archiveVersion = 1;
	classes = {
	};
	objectVersion = 56;
	objects = {

/* Begin PBXBuildFile section */
		DA36607E295F236700581DD1 /* SwiftUIFontIcon in Frameworks */ = {isa = PBXBuildFile; productRef = DA36607D295F236700581DD1 /* SwiftUIFontIcon */; };
		DAA31C1C295FC2F200037723 /* Message.swift in Sources */ = {isa = PBXBuildFile; fileRef = DAA31C1B295FC2F200037723 /* Message.swift */; };
		DAB05015295E7BD200C240AF /* KudoApp.swift in Sources */ = {isa = PBXBuildFile; fileRef = DAB05014295E7BD200C240AF /* KudoApp.swift */; };
		DAB05017295E7BD200C240AF /* ContentView.swift in Sources */ = {isa = PBXBuildFile; fileRef = DAB05016295E7BD200C240AF /* ContentView.swift */; };
		DAB05019295E7BD400C240AF /* Assets.xcassets in Resources */ = {isa = PBXBuildFile; fileRef = DAB05018295E7BD400C240AF /* Assets.xcassets */; };
		DAB0501C295E7BD400C240AF /* Preview Assets.xcassets in Resources */ = {isa = PBXBuildFile; fileRef = DAB0501B295E7BD400C240AF /* Preview Assets.xcassets */; };
		DAB05026295E7BD400C240AF /* KudoTests.swift in Sources */ = {isa = PBXBuildFile; fileRef = DAB05025295E7BD400C240AF /* KudoTests.swift */; };
		DAB05030295E7BD400C240AF /* KudoUITests.swift in Sources */ = {isa = PBXBuildFile; fileRef = DAB0502F295E7BD400C240AF /* KudoUITests.swift */; };
		DAB05032295E7BD400C240AF /* KudoUITestsLaunchTests.swift in Sources */ = {isa = PBXBuildFile; fileRef = DAB05031295E7BD400C240AF /* KudoUITestsLaunchTests.swift */; };
		DAB05040295E7CC300C240AF /* OpenAISwift in Frameworks */ = {isa = PBXBuildFile; productRef = DAB0503F295E7CC300C240AF /* OpenAISwift */; };
		DAFBCBB1295FCDB500AFEAA0 /* MessageView.swift in Sources */ = {isa = PBXBuildFile; fileRef = DAFBCBB0295FCDB500AFEAA0 /* MessageView.swift */; };
/* End PBXBuildFile section */

/* Begin PBXContainerItemProxy section */
		DAB05022295E7BD400C240AF /* PBXContainerItemProxy */ = {
			isa = PBXContainerItemProxy;
			containerPortal = DAB05009295E7BD200C240AF /* Project object */;
			proxyType = 1;
			remoteGlobalIDString = DAB05010295E7BD200C240AF;
			remoteInfo = Kudo;
		};
		DAB0502C295E7BD400C240AF /* PBXContainerItemProxy */ = {
			isa = PBXContainerItemProxy;
			containerPortal = DAB05009295E7BD200C240AF /* Project object */;
			proxyType = 1;
			remoteGlobalIDString = DAB05010295E7BD200C240AF;
			remoteInfo = Kudo;
		};
/* End PBXContainerItemProxy section */

/* Begin PBXFileReference section */
		DAA31C1B295FC2F200037723 /* Message.swift */ = {isa = PBXFileReference; lastKnownFileType = sourcecode.swift; path = Message.swift; sourceTree = "<group>"; };
		DAB05011295E7BD200C240AF /* Kudo.app */ = {isa = PBXFileReference; explicitFileType = wrapper.application; includeInIndex = 0; path = Kudo.app; sourceTree = BUILT_PRODUCTS_DIR; };
		DAB05014295E7BD200C240AF /* KudoApp.swift */ = {isa = PBXFileReference; lastKnownFileType = sourcecode.swift; path = KudoApp.swift; sourceTree = "<group>"; };
		DAB05016295E7BD200C240AF /* ContentView.swift */ = {isa = PBXFileReference; lastKnownFileType = sourcecode.swift; path = ContentView.swift; sourceTree = "<group>"; };
		DAB05018295E7BD400C240AF /* Assets.xcassets */ = {isa = PBXFileReference; lastKnownFileType = folder.assetcatalog; path = Assets.xcassets; sourceTree = "<group>"; };
		DAB0501B295E7BD400C240AF /* Preview Assets.xcassets */ = {isa = PBXFileReference; lastKnownFileType = folder.assetcatalog; path = "Preview Assets.xcassets"; sourceTree = "<group>"; };
		DAB05021295E7BD400C240AF /* KudoTests.xctest */ = {isa = PBXFileReference; explicitFileType = wrapper.cfbundle; includeInIndex = 0; path = KudoTests.xctest; sourceTree = BUILT_PRODUCTS_DIR; };
		DAB05025295E7BD400C240AF /* KudoTests.swift */ = {isa = PBXFileReference; lastKnownFileType = sourcecode.swift; path = KudoTests.swift; sourceTree = "<group>"; };
		DAB0502B295E7BD400C240AF /* KudoUITests.xctest */ = {isa = PBXFileReference; explicitFileType = wrapper.cfbundle; includeInIndex = 0; path = KudoUITests.xctest; sourceTree = BUILT_PRODUCTS_DIR; };
		DAB0502F295E7BD400C240AF /* KudoUITests.swift */ = {isa = PBXFileReference; lastKnownFileType = sourcecode.swift; path = KudoUITests.swift; sourceTree = "<group>"; };
		DAB05031295E7BD400C240AF /* KudoUITestsLaunchTests.swift */ = {isa = PBXFileReference; lastKnownFileType = sourcecode.swift; path = KudoUITestsLaunchTests.swift; sourceTree = "<group>"; };
		DAFBCBB0295FCDB500AFEAA0 /* MessageView.swift */ = {isa = PBXFileReference; lastKnownFileType = sourcecode.swift; path = MessageView.swift; sourceTree = "<group>"; };
/* End PBXFileReference section */

/* Begin PBXFrameworksBuildPhase section */
		DAB0500E295E7BD200C240AF /* Frameworks */ = {
			isa = PBXFrameworksBuildPhase;
			buildActionMask = 2147483647;
			files = (
				DA36607E295F236700581DD1 /* SwiftUIFontIcon in Frameworks */,
				DAB05040295E7CC300C240AF /* OpenAISwift in Frameworks */,
			);
			runOnlyForDeploymentPostprocessing = 0;
		};
		DAB0501E295E7BD400C240AF /* Frameworks */ = {
			isa = PBXFrameworksBuildPhase;
			buildActionMask = 2147483647;
			files = (
			);
			runOnlyForDeploymentPostprocessing = 0;
		};
		DAB05028295E7BD400C240AF /* Frameworks */ = {
			isa = PBXFrameworksBuildPhase;
			buildActionMask = 2147483647;
			files = (
			);
			runOnlyForDeploymentPostprocessing = 0;
		};
/* End PBXFrameworksBuildPhase section */

/* Begin PBXGroup section */
		DAA31C1A295FC2D000037723 /* Models */ = {
			isa = PBXGroup;
			children = (
				DAA31C1B295FC2F200037723 /* Message.swift */,
			);
			path = Models;
			sourceTree = "<group>";
		};
		DAA31C1D295FC7D800037723 /* Views */ = {
			isa = PBXGroup;
			children = (
				DAFBCBB0295FCDB500AFEAA0 /* MessageView.swift */,
			);
			path = Views;
			sourceTree = "<group>";
		};
		DAA31C1F295FC87600037723 /* ViewModels */ = {
			isa = PBXGroup;
			children = (
			);
			path = ViewModels;
			sourceTree = "<group>";
		};
		DAB05008295E7BD200C240AF = {
			isa = PBXGroup;
			children = (
				DAB05013295E7BD200C240AF /* Kudo */,
				DAB05024295E7BD400C240AF /* KudoTests */,
				DAB0502E295E7BD400C240AF /* KudoUITests */,
				DAB05012295E7BD200C240AF /* Products */,
			);
			sourceTree = "<group>";
		};
		DAB05012295E7BD200C240AF /* Products */ = {
			isa = PBXGroup;
			children = (
				DAB05011295E7BD200C240AF /* Kudo.app */,
				DAB05021295E7BD400C240AF /* KudoTests.xctest */,
				DAB0502B295E7BD400C240AF /* KudoUITests.xctest */,
			);
			name = Products;
			sourceTree = "<group>";
		};
		DAB05013295E7BD200C240AF /* Kudo */ = {
			isa = PBXGroup;
			children = (
				DAB05014295E7BD200C240AF /* KudoApp.swift */,
				DAA31C1F295FC87600037723 /* ViewModels */,
				DAA31C1D295FC7D800037723 /* Views */,
				DAA31C1A295FC2D000037723 /* Models */,
				DAB05016295E7BD200C240AF /* ContentView.swift */,
				DAB05018295E7BD400C240AF /* Assets.xcassets */,
				DAB0501A295E7BD400C240AF /* Preview Content */,
			);
			path = Kudo;
			sourceTree = "<group>";
		};
		DAB0501A295E7BD400C240AF /* Preview Content */ = {
			isa = PBXGroup;
			children = (
				DAB0501B295E7BD400C240AF /* Preview Assets.xcassets */,
			);
			path = "Preview Content";
			sourceTree = "<group>";
		};
		DAB05024295E7BD400C240AF /* KudoTests */ = {
			isa = PBXGroup;
			children = (
				DAB05025295E7BD400C240AF /* KudoTests.swift */,
			);
			path = KudoTests;
			sourceTree = "<group>";
		};
		DAB0502E295E7BD400C240AF /* KudoUITests */ = {
			isa = PBXGroup;
			children = (
				DAB0502F295E7BD400C240AF /* KudoUITests.swift */,
				DAB05031295E7BD400C240AF /* KudoUITestsLaunchTests.swift */,
			);
			path = KudoUITests;
			sourceTree = "<group>";
		};
/* End PBXGroup section */

/* Begin PBXNativeTarget section */
		DAB05010295E7BD200C240AF /* Kudo */ = {
			isa = PBXNativeTarget;
			buildConfigurationList = DAB05035295E7BD400C240AF /* Build configuration list for PBXNativeTarget "Kudo" */;
			buildPhases = (
				DAB0500D295E7BD200C240AF /* Sources */,
				DAB0500E295E7BD200C240AF /* Frameworks */,
				DAB0500F295E7BD200C240AF /* Resources */,
			);
			buildRules = (
			);
			dependencies = (
			);
			name = Kudo;
			packageProductDependencies = (
				DAB0503F295E7CC300C240AF /* OpenAISwift */,
				DA36607D295F236700581DD1 /* SwiftUIFontIcon */,
			);
			productName = Kudo;
			productReference = DAB05011295E7BD200C240AF /* Kudo.app */;
			productType = "com.apple.product-type.application";
		};
		DAB05020295E7BD400C240AF /* KudoTests */ = {
			isa = PBXNativeTarget;
			buildConfigurationList = DAB05038295E7BD400C240AF /* Build configuration list for PBXNativeTarget "KudoTests" */;
			buildPhases = (
				DAB0501D295E7BD400C240AF /* Sources */,
				DAB0501E295E7BD400C240AF /* Frameworks */,
				DAB0501F295E7BD400C240AF /* Resources */,
			);
			buildRules = (
			);
			dependencies = (
				DAB05023295E7BD400C240AF /* PBXTargetDependency */,
			);
			name = KudoTests;
			productName = KudoTests;
			productReference = DAB05021295E7BD400C240AF /* KudoTests.xctest */;
			productType = "com.apple.product-type.bundle.unit-test";
		};
		DAB0502A295E7BD400C240AF /* KudoUITests */ = {
			isa = PBXNativeTarget;
			buildConfigurationList = DAB0503B295E7BD400C240AF /* Build configuration list for PBXNativeTarget "KudoUITests" */;
			buildPhases = (
				DAB05027295E7BD400C240AF /* Sources */,
				DAB05028295E7BD400C240AF /* Frameworks */,
				DAB05029295E7BD400C240AF /* Resources */,
			);
			buildRules = (
			);
			dependencies = (
				DAB0502D295E7BD400C240AF /* PBXTargetDependency */,
			);
			name = KudoUITests;
			productName = KudoUITests;
			productReference = DAB0502B295E7BD400C240AF /* KudoUITests.xctest */;
			productType = "com.apple.product-type.bundle.ui-testing";
		};
/* End PBXNativeTarget section */

/* Begin PBXProject section */
		DAB05009295E7BD200C240AF /* Project object */ = {
			isa = PBXProject;
			attributes = {
				BuildIndependentTargetsInParallel = 1;
				LastSwiftUpdateCheck = 1420;
				LastUpgradeCheck = 1420;
				TargetAttributes = {
					DAB05010295E7BD200C240AF = {
						CreatedOnToolsVersion = 14.2;
					};
					DAB05020295E7BD400C240AF = {
						CreatedOnToolsVersion = 14.2;
						TestTargetID = DAB05010295E7BD200C240AF;
					};
					DAB0502A295E7BD400C240AF = {
						CreatedOnToolsVersion = 14.2;
						TestTargetID = DAB05010295E7BD200C240AF;
					};
				};
			};
			buildConfigurationList = DAB0500C295E7BD200C240AF /* Build configuration list for PBXProject "Kudo" */;
			compatibilityVersion = "Xcode 14.0";
			developmentRegion = en;
			hasScannedForEncodings = 0;
			knownRegions = (
				en,
				Base,
			);
			mainGroup = DAB05008295E7BD200C240AF;
			packageReferences = (
				DAB0503E295E7CC300C240AF /* XCRemoteSwiftPackageReference "OpenAISwift" */,
				DA36607C295F236700581DD1 /* XCRemoteSwiftPackageReference "SwiftUIFontIcon" */,
			);
			productRefGroup = DAB05012295E7BD200C240AF /* Products */;
			projectDirPath = "";
			projectRoot = "";
			targets = (
				DAB05010295E7BD200C240AF /* Kudo */,
				DAB05020295E7BD400C240AF /* KudoTests */,
				DAB0502A295E7BD400C240AF /* KudoUITests */,
			);
		};
/* End PBXProject section */

/* Begin PBXResourcesBuildPhase section */
		DAB0500F295E7BD200C240AF /* Resources */ = {
			isa = PBXResourcesBuildPhase;
			buildActionMask = 2147483647;
			files = (
				DAB0501C295E7BD400C240AF /* Preview Assets.xcassets in Resources */,
				DAB05019295E7BD400C240AF /* Assets.xcassets in Resources */,
			);
			runOnlyForDeploymentPostprocessing = 0;
		};
		DAB0501F295E7BD400C240AF /* Resources */ = {
			isa = PBXResourcesBuildPhase;
			buildActionMask = 2147483647;
			files = (
			);
			runOnlyForDeploymentPostprocessing = 0;
		};
		DAB05029295E7BD400C240AF /* Resources */ = {
			isa = PBXResourcesBuildPhase;
			buildActionMask = 2147483647;
			files = (
			);
			runOnlyForDeploymentPostprocessing = 0;
		};
/* End PBXResourcesBuildPhase section */

/* Begin PBXSourcesBuildPhase section */
		DAB0500D295E7BD200C240AF /* Sources */ = {
			isa = PBXSourcesBuildPhase;
			buildActionMask = 2147483647;
			files = (
				DAA31C1C295FC2F200037723 /* Message.swift in Sources */,
				DAB05017295E7BD200C240AF /* ContentView.swift in Sources */,
				DAB05015295E7BD200C240AF /* KudoApp.swift in Sources */,
				DAFBCBB1295FCDB500AFEAA0 /* MessageView.swift in Sources */,
			);
			runOnlyForDeploymentPostprocessing = 0;
		};
		DAB0501D295E7BD400C240AF /* Sources */ = {
			isa = PBXSourcesBuildPhase;
			buildActionMask = 2147483647;
			files = (
				DAB05026295E7BD400C240AF /* KudoTests.swift in Sources */,
			);
			runOnlyForDeploymentPostprocessing = 0;
		};
		DAB05027295E7BD400C240AF /* Sources */ = {
			isa = PBXSourcesBuildPhase;
			buildActionMask = 2147483647;
			files = (
				DAB05030295E7BD400C240AF /* KudoUITests.swift in Sources */,
				DAB05032295E7BD400C240AF /* KudoUITestsLaunchTests.swift in Sources */,
			);
			runOnlyForDeploymentPostprocessing = 0;
		};
/* End PBXSourcesBuildPhase section */

/* Begin PBXTargetDependency section */
		DAB05023295E7BD400C240AF /* PBXTargetDependency */ = {
			isa = PBXTargetDependency;
			target = DAB05010295E7BD200C240AF /* Kudo */;
			targetProxy = DAB05022295E7BD400C240AF /* PBXContainerItemProxy */;
		};
		DAB0502D295E7BD400C240AF /* PBXTargetDependency */ = {
			isa = PBXTargetDependency;
			target = DAB05010295E7BD200C240AF /* Kudo */;
			targetProxy = DAB0502C295E7BD400C240AF /* PBXContainerItemProxy */;
		};
/* End PBXTargetDependency section */

/* Begin XCBuildConfiguration section */
		DAB05033295E7BD400C240AF /* Debug */ = {
			isa = XCBuildConfiguration;
			buildSettings = {
				ALWAYS_SEARCH_USER_PATHS = NO;
				CLANG_ANALYZER_NONNULL = YES;
				CLANG_ANALYZER_NUMBER_OBJECT_CONVERSION = YES_AGGRESSIVE;
				CLANG_CXX_LANGUAGE_STANDARD = "gnu++20";
				CLANG_ENABLE_MODULES = YES;
				CLANG_ENABLE_OBJC_ARC = YES;
				CLANG_ENABLE_OBJC_WEAK = YES;
				CLANG_WARN_BLOCK_CAPTURE_AUTORELEASING = YES;
				CLANG_WARN_BOOL_CONVERSION = YES;
				CLANG_WARN_COMMA = YES;
				CLANG_WARN_CONSTANT_CONVERSION = YES;
				CLANG_WARN_DEPRECATED_OBJC_IMPLEMENTATIONS = YES;
				CLANG_WARN_DIRECT_OBJC_ISA_USAGE = YES_ERROR;
				CLANG_WARN_DOCUMENTATION_COMMENTS = YES;
				CLANG_WARN_EMPTY_BODY = YES;
				CLANG_WARN_ENUM_CONVERSION = YES;
				CLANG_WARN_INFINITE_RECURSION = YES;
				CLANG_WARN_INT_CONVERSION = YES;
				CLANG_WARN_NON_LITERAL_NULL_CONVERSION = YES;
				CLANG_WARN_OBJC_IMPLICIT_RETAIN_SELF = YES;
				CLANG_WARN_OBJC_LITERAL_CONVERSION = YES;
				CLANG_WARN_OBJC_ROOT_CLASS = YES_ERROR;
				CLANG_WARN_QUOTED_INCLUDE_IN_FRAMEWORK_HEADER = YES;
				CLANG_WARN_RANGE_LOOP_ANALYSIS = YES;
				CLANG_WARN_STRICT_PROTOTYPES = YES;
				CLANG_WARN_SUSPICIOUS_MOVE = YES;
				CLANG_WARN_UNGUARDED_AVAILABILITY = YES_AGGRESSIVE;
				CLANG_WARN_UNREACHABLE_CODE = YES;
				CLANG_WARN__DUPLICATE_METHOD_MATCH = YES;
				COPY_PHASE_STRIP = NO;
				DEBUG_INFORMATION_FORMAT = dwarf;
				ENABLE_STRICT_OBJC_MSGSEND = YES;
				ENABLE_TESTABILITY = YES;
				GCC_C_LANGUAGE_STANDARD = gnu11;
				GCC_DYNAMIC_NO_PIC = NO;
				GCC_NO_COMMON_BLOCKS = YES;
				GCC_OPTIMIZATION_LEVEL = 0;
				GCC_PREPROCESSOR_DEFINITIONS = (
					"DEBUG=1",
					"$(inherited)",
				);
				GCC_WARN_64_TO_32_BIT_CONVERSION = YES;
				GCC_WARN_ABOUT_RETURN_TYPE = YES_ERROR;
				GCC_WARN_UNDECLARED_SELECTOR = YES;
				GCC_WARN_UNINITIALIZED_AUTOS = YES_AGGRESSIVE;
				GCC_WARN_UNUSED_FUNCTION = YES;
				GCC_WARN_UNUSED_VARIABLE = YES;
				IPHONEOS_DEPLOYMENT_TARGET = 16.2;
				MTL_ENABLE_DEBUG_INFO = INCLUDE_SOURCE;
				MTL_FAST_MATH = YES;
				ONLY_ACTIVE_ARCH = YES;
				SDKROOT = iphoneos;
				SWIFT_ACTIVE_COMPILATION_CONDITIONS = DEBUG;
				SWIFT_OPTIMIZATION_LEVEL = "-Onone";
			};
			name = Debug;
		};
		DAB05034295E7BD400C240AF /* Release */ = {
			isa = XCBuildConfiguration;
			buildSettings = {
				ALWAYS_SEARCH_USER_PATHS = NO;
				CLANG_ANALYZER_NONNULL = YES;
				CLANG_ANALYZER_NUMBER_OBJECT_CONVERSION = YES_AGGRESSIVE;
				CLANG_CXX_LANGUAGE_STANDARD = "gnu++20";
				CLANG_ENABLE_MODULES = YES;
				CLANG_ENABLE_OBJC_ARC = YES;
				CLANG_ENABLE_OBJC_WEAK = YES;
				CLANG_WARN_BLOCK_CAPTURE_AUTORELEASING = YES;
				CLANG_WARN_BOOL_CONVERSION = YES;
				CLANG_WARN_COMMA = YES;
				CLANG_WARN_CONSTANT_CONVERSION = YES;
				CLANG_WARN_DEPRECATED_OBJC_IMPLEMENTATIONS = YES;
				CLANG_WARN_DIRECT_OBJC_ISA_USAGE = YES_ERROR;
				CLANG_WARN_DOCUMENTATION_COMMENTS = YES;
				CLANG_WARN_EMPTY_BODY = YES;
				CLANG_WARN_ENUM_CONVERSION = YES;
				CLANG_WARN_INFINITE_RECURSION = YES;
				CLANG_WARN_INT_CONVERSION = YES;
				CLANG_WARN_NON_LITERAL_NULL_CONVERSION = YES;
				CLANG_WARN_OBJC_IMPLICIT_RETAIN_SELF = YES;
				CLANG_WARN_OBJC_LITERAL_CONVERSION = YES;
				CLANG_WARN_OBJC_ROOT_CLASS = YES_ERROR;
				CLANG_WARN_QUOTED_INCLUDE_IN_FRAMEWORK_HEADER = YES;
				CLANG_WARN_RANGE_LOOP_ANALYSIS = YES;
				CLANG_WARN_STRICT_PROTOTYPES = YES;
				CLANG_WARN_SUSPICIOUS_MOVE = YES;
				CLANG_WARN_UNGUARDED_AVAILABILITY = YES_AGGRESSIVE;
				CLANG_WARN_UNREACHABLE_CODE = YES;
				CLANG_WARN__DUPLICATE_METHOD_MATCH = YES;
				COPY_PHASE_STRIP = NO;
				DEBUG_INFORMATION_FORMAT = "dwarf-with-dsym";
				ENABLE_NS_ASSERTIONS = NO;
				ENABLE_STRICT_OBJC_MSGSEND = YES;
				GCC_C_LANGUAGE_STANDARD = gnu11;
				GCC_NO_COMMON_BLOCKS = YES;
				GCC_WARN_64_TO_32_BIT_CONVERSION = YES;
				GCC_WARN_ABOUT_RETURN_TYPE = YES_ERROR;
				GCC_WARN_UNDECLARED_SELECTOR = YES;
				GCC_WARN_UNINITIALIZED_AUTOS = YES_AGGRESSIVE;
				GCC_WARN_UNUSED_FUNCTION = YES;
				GCC_WARN_UNUSED_VARIABLE = YES;
				IPHONEOS_DEPLOYMENT_TARGET = 16.2;
				MTL_ENABLE_DEBUG_INFO = NO;
				MTL_FAST_MATH = YES;
				SDKROOT = iphoneos;
				SWIFT_COMPILATION_MODE = wholemodule;
				SWIFT_OPTIMIZATION_LEVEL = "-O";
				VALIDATE_PRODUCT = YES;
			};
			name = Release;
		};
		DAB05036295E7BD400C240AF /* Debug */ = {
			isa = XCBuildConfiguration;
			buildSettings = {
				ASSETCATALOG_COMPILER_APPICON_NAME = AppIcon;
				ASSETCATALOG_COMPILER_GLOBAL_ACCENT_COLOR_NAME = AccentColor;
				CODE_SIGN_STYLE = Automatic;
				CURRENT_PROJECT_VERSION = 1;
				DEVELOPMENT_ASSET_PATHS = "\"Kudo/Preview Content\"";
				ENABLE_PREVIEWS = YES;
				GENERATE_INFOPLIST_FILE = YES;
				INFOPLIST_KEY_UIApplicationSceneManifest_Generation = YES;
				INFOPLIST_KEY_UIApplicationSupportsIndirectInputEvents = YES;
				INFOPLIST_KEY_UILaunchScreen_Generation = YES;
				INFOPLIST_KEY_UISupportedInterfaceOrientations_iPad = "UIInterfaceOrientationPortrait UIInterfaceOrientationPortraitUpsideDown UIInterfaceOrientationLandscapeLeft UIInterfaceOrientationLandscapeRight";
				INFOPLIST_KEY_UISupportedInterfaceOrientations_iPhone = "UIInterfaceOrientationPortrait UIInterfaceOrientationLandscapeLeft UIInterfaceOrientationLandscapeRight";
				LD_RUNPATH_SEARCH_PATHS = (
					"$(inherited)",
					"@executable_path/Frameworks",
				);
				MARKETING_VERSION = 1.0;
				PRODUCT_BUNDLE_IDENTIFIER = one.zeroboy.Kudo;
				PRODUCT_NAME = "$(TARGET_NAME)";
				SWIFT_EMIT_LOC_STRINGS = YES;
				SWIFT_VERSION = 5.0;
				TARGETED_DEVICE_FAMILY = "1,2";
			};
			name = Debug;
		};
		DAB05037295E7BD400C240AF /* Release */ = {
			isa = XCBuildConfiguration;
			buildSettings = {
				ASSETCATALOG_COMPILER_APPICON_NAME = AppIcon;
				ASSETCATALOG_COMPILER_GLOBAL_ACCENT_COLOR_NAME = AccentColor;
				CODE_SIGN_STYLE = Automatic;
				CURRENT_PROJECT_VERSION = 1;
				DEVELOPMENT_ASSET_PATHS = "\"Kudo/Preview Content\"";
				ENABLE_PREVIEWS = YES;
				GENERATE_INFOPLIST_FILE = YES;
				INFOPLIST_KEY_UIApplicationSceneManifest_Generation = YES;
				INFOPLIST_KEY_UIApplicationSupportsIndirectInputEvents = YES;
				INFOPLIST_KEY_UILaunchScreen_Generation = YES;
				INFOPLIST_KEY_UISupportedInterfaceOrientations_iPad = "UIInterfaceOrientationPortrait UIInterfaceOrientationPortraitUpsideDown UIInterfaceOrientationLandscapeLeft UIInterfaceOrientationLandscapeRight";
				INFOPLIST_KEY_UISupportedInterfaceOrientations_iPhone = "UIInterfaceOrientationPortrait UIInterfaceOrientationLandscapeLeft UIInterfaceOrientationLandscapeRight";
				LD_RUNPATH_SEARCH_PATHS = (
					"$(inherited)",
					"@executable_path/Frameworks",
				);
				MARKETING_VERSION = 1.0;
				PRODUCT_BUNDLE_IDENTIFIER = one.zeroboy.Kudo;
				PRODUCT_NAME = "$(TARGET_NAME)";
				SWIFT_EMIT_LOC_STRINGS = YES;
				SWIFT_VERSION = 5.0;
				TARGETED_DEVICE_FAMILY = "1,2";
			};
			name = Release;
		};
		DAB05039295E7BD400C240AF /* Debug */ = {
			isa = XCBuildConfiguration;
			buildSettings = {
				ALWAYS_EMBED_SWIFT_STANDARD_LIBRARIES = YES;
				BUNDLE_LOADER = "$(TEST_HOST)";
				CODE_SIGN_STYLE = Automatic;
				CURRENT_PROJECT_VERSION = 1;
				GENERATE_INFOPLIST_FILE = YES;
				IPHONEOS_DEPLOYMENT_TARGET = 16.2;
				MARKETING_VERSION = 1.0;
				PRODUCT_BUNDLE_IDENTIFIER = one.zeroboy.KudoTests;
				PRODUCT_NAME = "$(TARGET_NAME)";
				SWIFT_EMIT_LOC_STRINGS = NO;
				SWIFT_VERSION = 5.0;
				TARGETED_DEVICE_FAMILY = "1,2";
				TEST_HOST = "$(BUILT_PRODUCTS_DIR)/Kudo.app/$(BUNDLE_EXECUTABLE_FOLDER_PATH)/Kudo";
			};
			name = Debug;
		};
		DAB0503A295E7BD400C240AF /* Release */ = {
			isa = XCBuildConfiguration;
			buildSettings = {
				ALWAYS_EMBED_SWIFT_STANDARD_LIBRARIES = YES;
				BUNDLE_LOADER = "$(TEST_HOST)";
				CODE_SIGN_STYLE = Automatic;
				CURRENT_PROJECT_VERSION = 1;
				GENERATE_INFOPLIST_FILE = YES;
				IPHONEOS_DEPLOYMENT_TARGET = 16.2;
				MARKETING_VERSION = 1.0;
				PRODUCT_BUNDLE_IDENTIFIER = one.zeroboy.KudoTests;
				PRODUCT_NAME = "$(TARGET_NAME)";
				SWIFT_EMIT_LOC_STRINGS = NO;
				SWIFT_VERSION = 5.0;
				TARGETED_DEVICE_FAMILY = "1,2";
				TEST_HOST = "$(BUILT_PRODUCTS_DIR)/Kudo.app/$(BUNDLE_EXECUTABLE_FOLDER_PATH)/Kudo";
			};
			name = Release;
		};
		DAB0503C295E7BD400C240AF /* Debug */ = {
			isa = XCBuildConfiguration;
			buildSettings = {
				ALWAYS_EMBED_SWIFT_STANDARD_LIBRARIES = YES;
				CODE_SIGN_STYLE = Automatic;
				CURRENT_PROJECT_VERSION = 1;
				GENERATE_INFOPLIST_FILE = YES;
				MARKETING_VERSION = 1.0;
				PRODUCT_BUNDLE_IDENTIFIER = one.zeroboy.KudoUITests;
				PRODUCT_NAME = "$(TARGET_NAME)";
				SWIFT_EMIT_LOC_STRINGS = NO;
				SWIFT_VERSION = 5.0;
				TARGETED_DEVICE_FAMILY = "1,2";
				TEST_TARGET_NAME = Kudo;
			};
			name = Debug;
		};
		DAB0503D295E7BD400C240AF /* Release */ = {
			isa = XCBuildConfiguration;
			buildSettings = {
				ALWAYS_EMBED_SWIFT_STANDARD_LIBRARIES = YES;
				CODE_SIGN_STYLE = Automatic;
				CURRENT_PROJECT_VERSION = 1;
				GENERATE_INFOPLIST_FILE = YES;
				MARKETING_VERSION = 1.0;
				PRODUCT_BUNDLE_IDENTIFIER = one.zeroboy.KudoUITests;
				PRODUCT_NAME = "$(TARGET_NAME)";
				SWIFT_EMIT_LOC_STRINGS = NO;
				SWIFT_VERSION = 5.0;
				TARGETED_DEVICE_FAMILY = "1,2";
				TEST_TARGET_NAME = Kudo;
			};
			name = Release;
		};
/* End XCBuildConfiguration section */

/* Begin XCConfigurationList section */
		DAB0500C295E7BD200C240AF /* Build configuration list for PBXProject "Kudo" */ = {
			isa = XCConfigurationList;
			buildConfigurations = (
				DAB05033295E7BD400C240AF /* Debug */,
				DAB05034295E7BD400C240AF /* Release */,
			);
			defaultConfigurationIsVisible = 0;
			defaultConfigurationName = Release;
		};
		DAB05035295E7BD400C240AF /* Build configuration list for PBXNativeTarget "Kudo" */ = {
			isa = XCConfigurationList;
			buildConfigurations = (
				DAB05036295E7BD400C240AF /* Debug */,
				DAB05037295E7BD400C240AF /* Release */,
			);
			defaultConfigurationIsVisible = 0;
			defaultConfigurationName = Release;
		};
		DAB05038295E7BD400C240AF /* Build configuration list for PBXNativeTarget "KudoTests" */ = {
			isa = XCConfigurationList;
			buildConfigurations = (
				DAB05039295E7BD400C240AF /* Debug */,
				DAB0503A295E7BD400C240AF /* Release */,
			);
			defaultConfigurationIsVisible = 0;
			defaultConfigurationName = Release;
		};
		DAB0503B295E7BD400C240AF /* Build configuration list for PBXNativeTarget "KudoUITests" */ = {
			isa = XCConfigurationList;
			buildConfigurations = (
				DAB0503C295E7BD400C240AF /* Debug */,
				DAB0503D295E7BD400C240AF /* Release */,
			);
			defaultConfigurationIsVisible = 0;
			defaultConfigurationName = Release;
		};
/* End XCConfigurationList section */

/* Begin XCRemoteSwiftPackageReference section */
		DA36607C295F236700581DD1 /* XCRemoteSwiftPackageReference "SwiftUIFontIcon" */ = {
			isa = XCRemoteSwiftPackageReference;
			repositoryURL = "https://github.com/huybuidac/SwiftUIFontIcon";
			requirement = {
				kind = upToNextMajorVersion;
				minimumVersion = 2.0.0;
			};
		};
		DAB0503E295E7CC300C240AF /* XCRemoteSwiftPackageReference "OpenAISwift" */ = {
			isa = XCRemoteSwiftPackageReference;
			repositoryURL = "https://github.com/tranhuudang/OpenAISwift";
			requirement = {
				branch = main;
				kind = branch;
			};
		};
/* End XCRemoteSwiftPackageReference section */

/* Begin XCSwiftPackageProductDependency section */
		DA36607D295F236700581DD1 /* SwiftUIFontIcon */ = {
			isa = XCSwiftPackageProductDependency;
			package = DA36607C295F236700581DD1 /* XCRemoteSwiftPackageReference "SwiftUIFontIcon" */;
			productName = SwiftUIFontIcon;
		};
		DAB0503F295E7CC300C240AF /* OpenAISwift */ = {
			isa = XCSwiftPackageProductDependency;
			package = DAB0503E295E7CC300C240AF /* XCRemoteSwiftPackageReference "OpenAISwift" */;
			productName = OpenAISwift;
		};
/* End XCSwiftPackageProductDependency section */
	};
	rootObject = DAB05009295E7BD200C240AF /* Project object */;
}
